{
  "version": 1,
  "dependencies": {
    "net10.0-windows7.0": {
      "DalamudPackager": {
        "type": "Direct",
        "requested": "[15.0.0, )",
        "resolved": "15.0.0",
        "contentHash": "411vwC8/X8Z/sQ2TI6v3SvOn66xFPeOjFn3Zn+h0d3Ox2t1kFm66AhDvmx/qcMwVrR+Hidxj0dadpQ2dgyXMBQ=="
      },
      "DotNet.ReproducibleBuilds": {
        "type": "Direct",
        "requested": "[2.0.5, )",
        "resolved": "2.0.5",
        "contentHash": "8LrlvI1KpjjJ4VGSqZ16yoOCKlQnYS+Y8rYNifNrscmVh5anJcF9E4e0NiDP30BHBMUbkoJ5KdcxoRWM7Pz9Aw=="
      },
      "Tmds.DBus.Generator": {
        "type": "Direct",
        "requested": "[0.95.1, )",
        "resolved": "0.95.1",
        "contentHash": "f1EaF9XwJAEv2lkJaNoOeTPOguw7UdR0SgMQZtVLHmjSC8AKj738KLePn495ynjYaUUtZKciP5Eb1iC+mFFODg=="
      },
      "Tmds.DBus.Protocol": {
        "type": "Direct",
        "requested": "[0.95.1, )",
        "resolved": "0.95.1",
        "contentHash": "IbGhqZAqqgB/DkT70+lAk4MNv95tZtsTMFQ+S3uGy0aTfOkGVeFjeNJsX8dBI/3+CPnO5XW6lRQKGeFEgHElKw=="
      }
    }
  }
}